
Microsoft Visual Studio Solution File, Format Version 12.00
# Visual Studio Version 16
VisualStudioVersion = 16.0.31105.61
MinimumVisualStudioVersion = 10.0.40219.1
Project("{FAE04EC0-301F-11D3-BF4B-00C04F79EFBC}") = "BasicControls", "BasicControls.csproj", "{79E66264-E2E7-43E5-B191-D849ED0FDF01}"
EndProject
Global
	GlobalSection(SolutionConfigurationPlatforms) = preSolution
		Debug|Any CPU = Debug|Any CPU
		Release|Any CPU = Release|Any CPU
	EndGlobalSection
	GlobalSection(ProjectConfigurationPlatforms) = postSolution
		{79E66264-E2E7-43E5-B191-D849ED0FDF01}.Debug|Any CPU.ActiveCfg = Debug|Any CPU
		{79E66264-E2E7-43E5-B191-D849ED0FDF01}.Debug|Any CPU.Build.0 = Debug|Any CPU
		{79E66264-E2E7-43E5-B191-D849ED0FDF01}.Release|Any CPU.ActiveCfg = Release|Any CPU
		{79E66264-E2E7-43E5-B191-D849ED0FDF01}.Release|Any CPU.Build.0 = Release|Any CPU
	EndGlobalSection
	GlobalSection(SolutionProperties) = preSolution
		HideSolutionNode = FALSE
	EndGlobalSection
	GlobalSection(ExtensibilityGlobals) = postSolution
		SolutionGuid = {B76CD8A1-0B02-4A7D-AF54-8020E5B583E9}
	EndGlobalSection
EndGlobal
